
Microsoft Visual Studio Solution File, Format Version 12.00
# Visual Studio 14
VisualStudioVersion = 14.0.23107.0
MinimumVisualStudioVersion = 10.0.40219.1
Project("{FAE04EC0-301F-11D3-BF4B-00C04F79EFBC}") = "Entities", "Entities\Entities.csproj", "{1AE9CFCF-2F94-4D4A-A7F8-8FDD8FB57D12}"
EndProject
Project("{FAE04EC0-301F-11D3-BF4B-00C04F79EFBC}") = "Entities.Tests", "Entities.Tests\Entities.Tests.csproj", "{C5632392-A323-46B3-98E7-DAD7791D4363}"
EndProject
Global
	GlobalSection(SolutionConfigurationPlatforms) = preSolution
		Debug|Any CPU = Debug|Any CPU
		Release|Any CPU = Release|Any CPU
	EndGlobalSection
	GlobalSection(ProjectConfigurationPlatforms) = postSolution
		{1AE9CFCF-2F94-4D4A-A7F8-8FDD8FB57D12}.Debug|Any CPU.ActiveCfg = Debug|Any CPU
		{1AE9CFCF-2F94-4D4A-A7F8-8FDD8FB57D12}.Debug|Any CPU.Build.0 = Debug|Any CPU
		{1AE9CFCF-2F94-4D4A-A7F8-8FDD8FB57D12}.Release|Any CPU.ActiveCfg = Release|Any CPU
		{1AE9CFCF-2F94-4D4A-A7F8-8FDD8FB57D12}.Release|Any CPU.Build.0 = Release|Any CPU
		{C5632392-A323-46B3-98E7-DAD7791D4363}.Debug|Any CPU.ActiveCfg = Debug|Any CPU
		{C5632392-A323-46B3-98E7-DAD7791D4363}.Debug|Any CPU.Build.0 = Debug|Any CPU
		{C5632392-A323-46B3-98E7-DAD7791D4363}.Release|Any CPU.ActiveCfg = Release|Any CPU
		{C5632392-A323-46B3-98E7-DAD7791D4363}.Release|Any CPU.Build.0 = Release|Any CPU
	EndGlobalSection
	GlobalSection(SolutionProperties) = preSolution
		HideSolutionNode = FALSE
	EndGlobalSection
EndGlobal
